
Microsoft Visual Studio Solution File, Format Version 11.00
# Visual Studio 2010
Project("{FAE04EC0-301F-11D3-BF4B-00C04F79EFBC}") = "Assembly-CSharp", "Assembly-CSharp.csproj", "{c4f0df37-4ed4-2d34-87b4-589e9ae2d967}"
EndProject
Global
	GlobalSection(SolutionConfigurationPlatforms) = preSolution
		Debug|Any CPU = Debug|Any CPU
		Release|Any CPU = Release|Any CPU
	EndGlobalSection
	GlobalSection(ProjectConfigurationPlatforms) = postSolution
		{c4f0df37-4ed4-2d34-87b4-589e9ae2d967}.Debug|Any CPU.ActiveCfg = Debug|Any CPU
		{c4f0df37-4ed4-2d34-87b4-589e9ae2d967}.Debug|Any CPU.Build.0 = Debug|Any CPU
		{c4f0df37-4ed4-2d34-87b4-589e9ae2d967}.Release|Any CPU.ActiveCfg = Release|Any CPU
		{c4f0df37-4ed4-2d34-87b4-589e9ae2d967}.Release|Any CPU.Build.0 = Release|Any CPU
	EndGlobalSection
	GlobalSection(SolutionProperties) = preSolution
		HideSolutionNode = FALSE
	EndGlobalSection
EndGlobal
